
Microsoft Visual Studio Solution File, Format Version 12.00
# Visual Studio Version 16
VisualStudioVersion = 16.0.28902.138
MinimumVisualStudioVersion = 10.0.40219.1
Project("{9A19103F-16F7-4668-BE54-9A1E7A4F7556}") = "TeamTimer", "TeamTimer\TeamTimer.csproj", "{67EBC9F0-D5FA-4032-9409-5218D4361E7B}"
EndProject
Project("{FAE04EC0-301F-11D3-BF4B-00C04F79EFBC}") = "TeamTimer.Android", "TeamTimer.Android\TeamTimer.Android.csproj", "{38FE12A7-F827-4C56-9006-BD751AAE2553}"
EndProject
Project("{FAE04EC0-301F-11D3-BF4B-00C04F79EFBC}") = "TeamTimer.iOS", "TeamTimer.iOS\TeamTimer.iOS.csproj", "{C602B58D-CD7C-41BB-B590-247C057A3710}"
EndProject
Project("{2150E333-8FDC-42A3-9474-1A3956D46DE8}") = "Soulution items", "Soulution items", "{908E27C6-E244-4126-B175-4ADDFFCEBEC2}"
	ProjectSection(SolutionItems) = preProject
		..\README.md = ..\README.md
	EndProjectSection
EndProject
Global
	GlobalSection(SolutionConfigurationPlatforms) = preSolution
		Ad-Hoc|Any CPU = Ad-Hoc|Any CPU
		Ad-Hoc|iPhone = Ad-Hoc|iPhone
		Ad-Hoc|iPhoneSimulator = Ad-Hoc|iPhoneSimulator
		AppStore|Any CPU = AppStore|Any CPU
		AppStore|iPhone = AppStore|iPhone
		AppStore|iPhoneSimulator = AppStore|iPhoneSimulator
		Debug|Any CPU = Debug|Any CPU
		Debug|iPhone = Debug|iPhone
		Debug|iPhoneSimulator = Debug|iPhoneSimulator
		Release|Any CPU = Release|Any CPU
		Release|iPhone = Release|iPhone
		Release|iPhoneSimulator = Release|iPhoneSimulator
	EndGlobalSection
	GlobalSection(ProjectConfigurationPlatforms) = postSolution
		{67EBC9F0-D5FA-4032-9409-5218D4361E7B}.Ad-Hoc|Any CPU.ActiveCfg = Release|Any CPU
		{67EBC9F0-D5FA-4032-9409-5218D4361E7B}.Ad-Hoc|Any CPU.Build.0 = Release|Any CPU
		{67EBC9F0-D5FA-4032-9409-5218D4361E7B}.Ad-Hoc|iPhone.ActiveCfg = Debug|Any CPU
		{67EBC9F0-D5FA-4032-9409-5218D4361E7B}.Ad-Hoc|iPhone.Build.0 = Debug|Any CPU
		{67EBC9F0-D5FA-4032-9409-5218D4361E7B}.Ad-Hoc|iPhoneSimulator.ActiveCfg = Release|Any CPU
		{67EBC9F0-D5FA-4032-9409-5218D4361E7B}.Ad-Hoc|iPhoneSimulator.Build.0 = Release|Any CPU
		{67EBC9F0-D5FA-4032-9409-5218D4361E7B}.AppStore|Any CPU.ActiveCfg = Release|Any CPU
		{67EBC9F0-D5FA-4032-9409-5218D4361E7B}.AppStore|Any CPU.Build.0 = Release|Any CPU
		{67EBC9F0-D5FA-4032-9409-5218D4361E7B}.AppStore|iPhone.ActiveCfg = Debug|Any CPU
		{67EBC9F0-D5FA-4032-9409-5218D4361E7B}.AppStore|iPhone.Build.0 = Debug|Any CPU
		{67EBC9F0-D5FA-4032-9409-5218D4361E7B}.AppStore|iPhoneSimulator.ActiveCfg = Release|Any CPU
		{67EBC9F0-D5FA-4032-9409-5218D4361E7B}.AppStore|iPhoneSimulator.Build.0 = Release|Any CPU
		{67EBC9F0-D5FA-4032-9409-5218D4361E7B}.Debug|Any CPU.ActiveCfg = Debug|Any CPU
		{67EBC9F0-D5FA-4032-9409-5218D4361E7B}.Debug|Any CPU.Build.0 = Debug|Any CPU
		{67EBC9F0-D5FA-4032-9409-5218D4361E7B}.Debug|Any CPU.Deploy.0 = Debug|Any CPU
		{67EBC9F0-D5FA-4032-9409-5218D4361E7B}.Debug|iPhone.ActiveCfg = Debug|Any CPU
		{67EBC9F0-D5FA-4032-9409-5218D4361E7B}.Debug|iPhone.Build.0 = Debug|Any CPU
		{67EBC9F0-D5FA-4032-9409-5218D4361E7B}.Debug|iPhoneSimulator.ActiveCfg = Debug|Any CPU
		{67EBC9F0-D5FA-4032-9409-5218D4361E7B}.Debug|iPhoneSimulator.Build.0 = Debug|Any CPU
		{67EBC9F0-D5FA-4032-9409-5218D4361E7B}.Release|Any CPU.ActiveCfg = Release|Any CPU
		{67EBC9F0-D5FA-4032-9409-5218D4361E7B}.Release|Any CPU.Build.0 = Release|Any CPU
		{67EBC9F0-D5FA-4032-9409-5218D4361E7B}.Release|Any CPU.Deploy.0 = Release|Any CPU
		{67EBC9F0-D5FA-4032-9409-5218D4361E7B}.Release|iPhone.ActiveCfg = Release|Any CPU
		{67EBC9F0-D5FA-4032-9409-5218D4361E7B}.Release|iPhone.Build.0 = Release|Any CPU
		{67EBC9F0-D5FA-4032-9409-5218D4361E7B}.Release|iPhoneSimulator.ActiveCfg = Release|Any CPU
		{67EBC9F0-D5FA-4032-9409-5218D4361E7B}.Release|iPhoneSimulator.Build.0 = Release|Any CPU
		{38FE12A7-F827-4C56-9006-BD751AAE2553}.Ad-Hoc|Any CPU.ActiveCfg = Release|Any CPU
		{38FE12A7-F827-4C56-9006-BD751AAE2553}.Ad-Hoc|Any CPU.Build.0 = Release|Any CPU
		{38FE12A7-F827-4C56-9006-BD751AAE2553}.Ad-Hoc|Any CPU.Deploy.0 = Release|Any CPU
		{38FE12A7-F827-4C56-9006-BD751AAE2553}.Ad-Hoc|iPhone.ActiveCfg = Debug|Any CPU
		{38FE12A7-F827-4C56-9006-BD751AAE2553}.Ad-Hoc|iPhone.Build.0 = Debug|Any CPU
		{38FE12A7-F827-4C56-9006-BD751AAE2553}.Ad-Hoc|iPhone.Deploy.0 = Debug|Any CPU
		{38FE12A7-F827-4C56-9006-BD751AAE2553}.Ad-Hoc|iPhoneSimulator.ActiveCfg = Release|Any CPU
		{38FE12A7-F827-4C56-9006-BD751AAE2553}.Ad-Hoc|iPhoneSimulator.Build.0 = Release|Any CPU
		{38FE12A7-F827-4C56-9006-BD751AAE2553}.Ad-Hoc|iPhoneSimulator.Deploy.0 = Release|Any CPU
		{38FE12A7-F827-4C56-9006-BD751AAE2553}.AppStore|Any CPU.ActiveCfg = Release|Any CPU
		{38FE12A7-F827-4C56-9006-BD751AAE2553}.AppStore|Any CPU.Build.0 = Release|Any CPU
		{38FE12A7-F827-4C56-9006-BD751AAE2553}.AppStore|Any CPU.Deploy.0 = Release|Any CPU
		{38FE12A7-F827-4C56-9006-BD751AAE2553}.AppStore|iPhone.ActiveCfg = Debug|Any CPU
		{38FE12A7-F827-4C56-9006-BD751AAE2553}.AppStore|iPhone.Build.0 = Debug|Any CPU
		{38FE12A7-F827-4C56-9006-BD751AAE2553}.AppStore|iPhone.Deploy.0 = Debug|Any CPU
		{38FE12A7-F827-4C56-9006-BD751AAE2553}.AppStore|iPhoneSimulator.ActiveCfg = Release|Any CPU
		{38FE12A7-F827-4C56-9006-BD751AAE2553}.AppStore|iPhoneSimulator.Build.0 = Release|Any CPU
		{38FE12A7-F827-4C56-9006-BD751AAE2553}.AppStore|iPhoneSimulator.Deploy.0 = Release|Any CPU
		{38FE12A7-F827-4C56-9006-BD751AAE2553}.Debug|Any CPU.ActiveCfg = Debug|Any CPU
		{38FE12A7-F827-4C56-9006-BD751AAE2553}.Debug|Any CPU.Build.0 = Debug|Any CPU
		{38FE12A7-F827-4C56-9006-BD751AAE2553}.Debug|Any CPU.Deploy.0 = Debug|Any CPU
		{38FE12A7-F827-4C56-9006-BD751AAE2553}.Debug|iPhone.ActiveCfg = Debug|Any CPU
		{38FE12A7-F827-4C56-9006-BD751AAE2553}.Debug|iPhone.Build.0 = Debug|Any CPU
		{38FE12A7-F827-4C56-9006-BD751AAE2553}.Debug|iPhone.Deploy.0 = Debug|Any CPU
		{38FE12A7-F827-4C56-9006-BD751AAE2553}.Debug|iPhoneSimulator.ActiveCfg = Debug|Any CPU
		{38FE12A7-F827-4C56-9006-BD751AAE2553}.Debug|iPhoneSimulator.Build.0 = Debug|Any CPU
		{38FE12A7-F827-4C56-9006-BD751AAE2553}.Debug|iPhoneSimulator.Deploy.0 = Debug|Any CPU
		{38FE12A7-F827-4C56-9006-BD751AAE2553}.Release|Any CPU.ActiveCfg = Release|Any CPU
		{38FE12A7-F827-4C56-9006-BD751AAE2553}.Release|Any CPU.Build.0 = Release|Any CPU
		{38FE12A7-F827-4C56-9006-BD751AAE2553}.Release|Any CPU.Deploy.0 = Release|Any CPU
		{38FE12A7-F827-4C56-9006-BD751AAE2553}.Release|iPhone.ActiveCfg = Release|Any CPU
		{38FE12A7-F827-4C56-9006-BD751AAE2553}.Release|iPhone.Build.0 = Release|Any CPU
		{38FE12A7-F827-4C56-9006-BD751AAE2553}.Release|iPhone.Deploy.0 = Release|Any CPU
		{38FE12A7-F827-4C56-9006-BD751AAE2553}.Release|iPhoneSimulator.ActiveCfg = Release|Any CPU
		{38FE12A7-F827-4C56-9006-BD751AAE2553}.Release|iPhoneSimulator.Build.0 = Release|Any CPU
		{38FE12A7-F827-4C56-9006-BD751AAE2553}.Release|iPhoneSimulator.Deploy.0 = Release|Any CPU
		{C602B58D-CD7C-41BB-B590-247C057A3710}.Ad-Hoc|Any CPU.ActiveCfg = Ad-Hoc|iPhoneSimulator
		{C602B58D-CD7C-41BB-B590-247C057A3710}.Ad-Hoc|iPhone.ActiveCfg = Ad-Hoc|iPhone
		{C602B58D-CD7C-41BB-B590-247C057A3710}.Ad-Hoc|iPhone.Build.0 = Ad-Hoc|iPhone
		{C602B58D-CD7C-41BB-B590-247C057A3710}.Ad-Hoc|iPhone.Deploy.0 = Ad-Hoc|iPhone
		{C602B58D-CD7C-41BB-B590-247C057A3710}.Ad-Hoc|iPhoneSimulator.ActiveCfg = Ad-Hoc|iPhoneSimulator
		{C602B58D-CD7C-41BB-B590-247C057A3710}.Ad-Hoc|iPhoneSimulator.Build.0 = Ad-Hoc|iPhoneSimulator
		{C602B58D-CD7C-41BB-B590-247C057A3710}.AppStore|Any CPU.ActiveCfg = AppStore|iPhoneSimulator
		{C602B58D-CD7C-41BB-B590-247C057A3710}.AppStore|iPhone.ActiveCfg = AppStore|iPhone
		{C602B58D-CD7C-41BB-B590-247C057A3710}.AppStore|iPhone.Build.0 = AppStore|iPhone
		{C602B58D-CD7C-41BB-B590-247C057A3710}.AppStore|iPhone.Deploy.0 = AppStore|iPhone
		{C602B58D-CD7C-41BB-B590-247C057A3710}.AppStore|iPhoneSimulator.ActiveCfg = AppStore|iPhoneSimulator
		{C602B58D-CD7C-41BB-B590-247C057A3710}.AppStore|iPhoneSimulator.Build.0 = AppStore|iPhoneSimulator
		{C602B58D-CD7C-41BB-B590-247C057A3710}.Debug|Any CPU.ActiveCfg = Debug|iPhoneSimulator
		{C602B58D-CD7C-41BB-B590-247C057A3710}.Debug|Any CPU.Build.0 = Debug|iPhoneSimulator
		{C602B58D-CD7C-41BB-B590-247C057A3710}.Debug|Any CPU.Deploy.0 = Debug|iPhoneSimulator
		{C602B58D-CD7C-41BB-B590-247C057A3710}.Debug|iPhone.ActiveCfg = Debug|iPhone
		{C602B58D-CD7C-41BB-B590-247C057A3710}.Debug|iPhone.Build.0 = Debug|iPhone
		{C602B58D-CD7C-41BB-B590-247C057A3710}.Debug|iPhone.Deploy.0 = Debug|iPhone
		{C602B58D-CD7C-41BB-B590-247C057A3710}.Debug|iPhoneSimulator.ActiveCfg = Debug|iPhoneSimulator
		{C602B58D-CD7C-41BB-B590-247C057A3710}.Debug|iPhoneSimulator.Build.0 = Debug|iPhoneSimulator
		{C602B58D-CD7C-41BB-B590-247C057A3710}.Debug|iPhoneSimulator.Deploy.0 = Debug|iPhoneSimulator
		{C602B58D-CD7C-41BB-B590-247C057A3710}.Release|Any CPU.ActiveCfg = Release|iPhoneSimulator
		{C602B58D-CD7C-41BB-B590-247C057A3710}.Release|Any CPU.Build.0 = Release|iPhoneSimulator
		{C602B58D-CD7C-41BB-B590-247C057A3710}.Release|Any CPU.Deploy.0 = Release|iPhoneSimulator
		{C602B58D-CD7C-41BB-B590-247C057A3710}.Release|iPhone.ActiveCfg = Release|iPhone
		{C602B58D-CD7C-41BB-B590-247C057A3710}.Release|iPhone.Build.0 = Release|iPhone
		{C602B58D-CD7C-41BB-B590-247C057A3710}.Release|iPhone.Deploy.0 = Release|iPhone
		{C602B58D-CD7C-41BB-B590-247C057A3710}.Release|iPhoneSimulator.ActiveCfg = Release|iPhoneSimulator
		{C602B58D-CD7C-41BB-B590-247C057A3710}.Release|iPhoneSimulator.Build.0 = Release|iPhoneSimulator
		{C602B58D-CD7C-41BB-B590-247C057A3710}.Release|iPhoneSimulator.Deploy.0 = Release|iPhoneSimulator
	EndGlobalSection
	GlobalSection(SolutionProperties) = preSolution
		HideSolutionNode = FALSE
	EndGlobalSection
	GlobalSection(ExtensibilityGlobals) = postSolution
		SolutionGuid = {B7F56E70-51D8-42A9-927D-C0330E4103B9}
	EndGlobalSection
EndGlobal
